
Microsoft Visual Studio Solution File, Format Version 12.00
# Visual Studio 15
VisualStudioVersion = 15.0.26228.12
MinimumVisualStudioVersion = 10.0.40219.1
Project("{9092AA53-FB77-4645-B42D-1CCCA6BD08BD}") = "PhoGal.WebApi", "PhoGal.WebApi\PhoGal.WebApi.njsproj", "{AD7EC09B-D552-46C7-9650-C7E1671C738C}"
EndProject
Global
	GlobalSection(SolutionConfigurationPlatforms) = preSolution
		Debug|Any CPU = Debug|Any CPU
		Release|Any CPU = Release|Any CPU
	EndGlobalSection
	GlobalSection(ProjectConfigurationPlatforms) = postSolution
		{AD7EC09B-D552-46C7-9650-C7E1671C738C}.Debug|Any CPU.ActiveCfg = Debug|Any CPU
		{AD7EC09B-D552-46C7-9650-C7E1671C738C}.Debug|Any CPU.Build.0 = Debug|Any CPU
		{AD7EC09B-D552-46C7-9650-C7E1671C738C}.Release|Any CPU.ActiveCfg = Release|Any CPU
		{AD7EC09B-D552-46C7-9650-C7E1671C738C}.Release|Any CPU.Build.0 = Release|Any CPU
	EndGlobalSection
	GlobalSection(SolutionProperties) = preSolution
		HideSolutionNode = FALSE
	EndGlobalSection
EndGlobal
